
Microsoft Visual Studio Solution File, Format Version 12.00
# Visual Studio Version 17
VisualStudioVersion = 17.14.36408.4 d17.14
MinimumVisualStudioVersion = 10.0.40219.1
Project("{FAE04EC0-301F-11D3-BF4B-00C04F79EFBC}") = "BancoDigital", "BancoDigital\BancoDigital.csproj", "{7E537C4F-94EA-4CC0-8692-4B385B174461}"
EndProject
Global
	GlobalSection(SolutionConfigurationPlatforms) = preSolution
		Debug|Any CPU = Debug|Any CPU
		Release|Any CPU = Release|Any CPU
	EndGlobalSection
	GlobalSection(ProjectConfigurationPlatforms) = postSolution
		{7E537C4F-94EA-4CC0-8692-4B385B174461}.Debug|Any CPU.ActiveCfg = Debug|Any CPU
		{7E537C4F-94EA-4CC0-8692-4B385B174461}.Debug|Any CPU.Build.0 = Debug|Any CPU
		{7E537C4F-94EA-4CC0-8692-4B385B174461}.Release|Any CPU.ActiveCfg = Release|Any CPU
		{7E537C4F-94EA-4CC0-8692-4B385B174461}.Release|Any CPU.Build.0 = Release|Any CPU
	EndGlobalSection
	GlobalSection(SolutionProperties) = preSolution
		HideSolutionNode = FALSE
	EndGlobalSection
	GlobalSection(ExtensibilityGlobals) = postSolution
		SolutionGuid = {30969DDD-EE55-4CAF-8B9A-4451EDE43034}
	EndGlobalSection
EndGlobal
